// !$*UTF8*$!
{
	archiveVersion = 1;
	classes = {
	};
	objectVersion = 46;
	objects = {

/* Begin PBXBuildFile section */
		157BF0321CEE3E21001D3810 /* AppDelegate.swift in Sources */ = {isa = PBXBuildFile; fileRef = 157BF0311CEE3E21001D3810 /* AppDelegate.swift */; };
		157BF0341CEE3E21001D3810 /* ViewController.swift in Sources */ = {isa = PBXBuildFile; fileRef = 157BF0331CEE3E21001D3810 /* ViewController.swift */; };
		157BF0371CEE3E21001D3810 /* Main.storyboard in Resources */ = {isa = PBXBuildFile; fileRef = 157BF0351CEE3E21001D3810 /* Main.storyboard */; };
		157BF0391CEE3E21001D3810 /* Assets.xcassets in Resources */ = {isa = PBXBuildFile; fileRef = 157BF0381CEE3E21001D3810 /* Assets.xcassets */; };
		157BF03C1CEE3E21001D3810 /* LaunchScreen.storyboard in Resources */ = {isa = PBXBuildFile; fileRef = 157BF03A1CEE3E21001D3810 /* LaunchScreen.storyboard */; };
		159A84B31CF7637900FCEB36 /* QuizModel.swift in Sources */ = {isa = PBXBuildFile; fileRef = 159A84B21CF7637900FCEB36 /* QuizModel.swift */; };
		15D94CB11CF28D9E00AAE829 /* Question.swift in Sources */ = {isa = PBXBuildFile; fileRef = 15D94CB01CF28D9E00AAE829 /* Question.swift */; };
/* End PBXBuildFile section */

/* Begin PBXFileReference section */
		157BF02E1CEE3E21001D3810 /* Swift Quiz App.app */ = {isa = PBXFileReference; explicitFileType = wrapper.application; includeInIndex = 0; path = "Swift Quiz App.app"; sourceTree = BUILT_PRODUCTS_DIR; };
		157BF0311CEE3E21001D3810 /* AppDelegate.swift */ = {isa = PBXFileReference; lastKnownFileType = sourcecode.swift; path = AppDelegate.swift; sourceTree = "<group>"; };
		157BF0331CEE3E21001D3810 /* ViewController.swift */ = {isa = PBXFileReference; lastKnownFileType = sourcecode.swift; path = ViewController.swift; sourceTree = "<group>"; };
		157BF0361CEE3E21001D3810 /* Base */ = {isa = PBXFileReference; lastKnownFileType = file.storyboard; name = Base; path = Base.lproj/Main.storyboard; sourceTree = "<group>"; };
		157BF0381CEE3E21001D3810 /* Assets.xcassets */ = {isa = PBXFileReference; lastKnownFileType = folder.assetcatalog; path = Assets.xcassets; sourceTree = "<group>"; };
		157BF03B1CEE3E21001D3810 /* Base */ = {isa = PBXFileReference; lastKnownFileType = file.storyboard; name = Base; path = Base.lproj/LaunchScreen.storyboard; sourceTree = "<group>"; };
		157BF03D1CEE3E21001D3810 /* Info.plist */ = {isa = PBXFileReference; lastKnownFileType = text.plist.xml; path = Info.plist; sourceTree = "<group>"; };
		159A84B21CF7637900FCEB36 /* QuizModel.swift */ = {isa = PBXFileReference; fileEncoding = 4; lastKnownFileType = sourcecode.swift; path = QuizModel.swift; sourceTree = "<group>"; };
		15D94CB01CF28D9E00AAE829 /* Question.swift */ = {isa = PBXFileReference; fileEncoding = 4; lastKnownFileType = sourcecode.swift; path = Question.swift; sourceTree = "<group>"; };
/* End PBXFileReference section */

/* Begin PBXFrameworksBuildPhase section */
		157BF02B1CEE3E21001D3810 /* Frameworks */ = {
			isa = PBXFrameworksBuildPhase;
			buildActionMask = 2147483647;
			files = (
			);
			runOnlyForDeploymentPostprocessing = 0;
		};
/* End PBXFrameworksBuildPhase section */

/* Begin PBXGroup section */
		157BF0251CEE3E21001D3810 = {
			isa = PBXGroup;
			children = (
				157BF0301CEE3E21001D3810 /* Swift Quiz App */,
				157BF02F1CEE3E21001D3810 /* Products */,
			);
			sourceTree = "<group>";
		};
		157BF02F1CEE3E21001D3810 /* Products */ = {
			isa = PBXGroup;
			children = (
				157BF02E1CEE3E21001D3810 /* Swift Quiz App.app */,
			);
			name = Products;
			sourceTree = "<group>";
		};
		157BF0301CEE3E21001D3810 /* Swift Quiz App */ = {
			isa = PBXGroup;
			children = (
				157BF0311CEE3E21001D3810 /* AppDelegate.swift */,
				157BF0331CEE3E21001D3810 /* ViewController.swift */,
				157BF0351CEE3E21001D3810 /* Main.storyboard */,
				157BF0381CEE3E21001D3810 /* Assets.xcassets */,
				157BF03A1CEE3E21001D3810 /* LaunchScreen.storyboard */,
				157BF03D1CEE3E21001D3810 /* Info.plist */,
				15D94CB01CF28D9E00AAE829 /* Question.swift */,
				159A84B21CF7637900FCEB36 /* QuizModel.swift */,
			);
			path = "Swift Quiz App";
			sourceTree = "<group>";
		};
/* End PBXGroup section */

/* Begin PBXNativeTarget section */
		157BF02D1CEE3E21001D3810 /* Swift Quiz App */ = {
			isa = PBXNativeTarget;
			buildConfigurationList = 157BF0401CEE3E21001D3810 /* Build configuration list for PBXNativeTarget "Swift Quiz App" */;
			buildPhases = (
				157BF02A1CEE3E21001D3810 /* Sources */,
				157BF02B1CEE3E21001D3810 /* Frameworks */,
				157BF02C1CEE3E21001D3810 /* Resources */,
			);
			buildRules = (
			);
			dependencies = (
			);
			name = "Swift Quiz App";
			productName = "Swift Quiz App";
			productReference = 157BF02E1CEE3E21001D3810 /* Swift Quiz App.app */;
			productType = "com.apple.product-type.application";
		};
/* End PBXNativeTarget section */

/* Begin PBXProject section */
		157BF0261CEE3E21001D3810 /* Project object */ = {
			isa = PBXProject;
			attributes = {
				LastSwiftUpdateCheck = 0730;
				LastUpgradeCheck = 0730;
				ORGANIZATIONNAME = "Ball,  Alexander";
				TargetAttributes = {
					157BF02D1CEE3E21001D3810 = {
						CreatedOnToolsVersion = 7.3.1;
					};
				};
			};
			buildConfigurationList = 157BF0291CEE3E21001D3810 /* Build configuration list for PBXProject "Swift Quiz App" */;
			compatibilityVersion = "Xcode 3.2";
			developmentRegion = English;
			hasScannedForEncodings = 0;
			knownRegions = (
				en,
				Base,
			);
			mainGroup = 157BF0251CEE3E21001D3810;
			productRefGroup = 157BF02F1CEE3E21001D3810 /* Products */;
			projectDirPath = "";
			projectRoot = "";
			targets = (
				157BF02D1CEE3E21001D3810 /* Swift Quiz App */,
			);
		};
/* End PBXProject section */

/* Begin PBXResourcesBuildPhase section */
		157BF02C1CEE3E21001D3810 /* Resources */ = {
			isa = PBXResourcesBuildPhase;
			buildActionMask = 2147483647;
			files = (
				157BF03C1CEE3E21001D3810 /* LaunchScreen.storyboard in Resources */,
				157BF0391CEE3E21001D3810 /* Assets.xcassets in Resources */,
				157BF0371CEE3E21001D3810 /* Main.storyboard in Resources */,
			);
			runOnlyForDeploymentPostprocessing = 0;
		};
/* End PBXResourcesBuildPhase section */

/* Begin PBXSourcesBuildPhase section */
		157BF02A1CEE3E21001D3810 /* Sources */ = {
			isa = PBXSourcesBuildPhase;
			buildActionMask = 2147483647;
			files = (
				159A84B31CF7637900FCEB36 /* QuizModel.swift in Sources */,
				15D94CB11CF28D9E00AAE829 /* Question.swift in Sources */,
				157BF0341CEE3E21001D3810 /* ViewController.swift in Sources */,
				157BF0321CEE3E21001D3810 /* AppDelegate.swift in Sources */,
			);
			runOnlyForDeploymentPostprocessing = 0;
		};
/* End PBXSourcesBuildPhase section */

/* Begin PBXVariantGroup section */
		157BF0351CEE3E21001D3810 /* Main.storyboard */ = {
			isa = PBXVariantGroup;
			children = (
				157BF0361CEE3E21001D3810 /* Base */,
			);
			name = Main.storyboard;
			sourceTree = "<group>";
		};
		157BF03A1CEE3E21001D3810 /* LaunchScreen.storyboard */ = {
			isa = PBXVariantGroup;
			children = (
				157BF03B1CEE3E21001D3810 /* Base */,
			);
			name = LaunchScreen.storyboard;
			sourceTree = "<group>";
		};
/* End PBXVariantGroup section */

/* Begin XCBuildConfiguration section */
		157BF03E1CEE3E21001D3810 /* Debug */ = {
			isa = XCBuildConfiguration;
			buildSettings = {
				ALWAYS_SEARCH_USER_PATHS = NO;
				CLANG_ANALYZER_NONNULL = YES;
				CLANG_CXX_LANGUAGE_STANDARD = "gnu++0x";
				CLANG_CXX_LIBRARY = "libc++";
				CLANG_ENABLE_MODULES = YES;
				CLANG_ENABLE_OBJC_ARC = YES;
				CLANG_WARN_BOOL_CONVERSION = YES;
				CLANG_WARN_CONSTANT_CONVERSION = YES;
				CLANG_WARN_DIRECT_OBJC_ISA_USAGE = YES_ERROR;
				CLANG_WARN_EMPTY_BODY = YES;
				CLANG_WARN_ENUM_CONVERSION = YES;
				CLANG_WARN_INT_CONVERSION = YES;
				CLANG_WARN_OBJC_ROOT_CLASS = YES_ERROR;
				CLANG_WARN_UNREACHABLE_CODE = YES;
				CLANG_WARN__DUPLICATE_METHOD_MATCH = YES;
				"CODE_SIGN_IDENTITY[sdk=iphoneos*]" = "iPhone Developer";
				COPY_PHASE_STRIP = NO;
				DEBUG_INFORMATION_FORMAT = dwarf;
				ENABLE_STRICT_OBJC_MSGSEND = YES;
				ENABLE_TESTABILITY = YES;
				GCC_C_LANGUAGE_STANDARD = gnu99;
				GCC_DYNAMIC_NO_PIC = NO;
				GCC_NO_COMMON_BLOCKS = YES;
				GCC_OPTIMIZATION_LEVEL = 0;
				GCC_PREPROCESSOR_DEFINITIONS = (
					"DEBUG=1",
					"$(inherited)",
				);
				GCC_WARN_64_TO_32_BIT_CONVERSION = YES;
				GCC_WARN_ABOUT_RETURN_TYPE = YES_ERROR;
				GCC_WARN_UNDECLARED_SELECTOR = YES;
				GCC_WARN_UNINITIALIZED_AUTOS = YES_AGGRESSIVE;
				GCC_WARN_UNUSED_FUNCTION = YES;
				GCC_WARN_UNUSED_VARIABLE = YES;
				IPHONEOS_DEPLOYMENT_TARGET = 9.3;
				MTL_ENABLE_DEBUG_INFO = YES;
				ONLY_ACTIVE_ARCH = YES;
				SDKROOT = iphoneos;
				SWIFT_OPTIMIZATION_LEVEL = "-Onone";
				TARGETED_DEVICE_FAMILY = "1,2";
			};
			name = Debug;
		};
		157BF03F1CEE3E21001D3810 /* Release */ = {
			isa = XCBuildConfiguration;
			buildSettings = {
				ALWAYS_SEARCH_USER_PATHS = NO;
				CLANG_ANALYZER_NONNULL = YES;
				CLANG_CXX_LANGUAGE_STANDARD = "gnu++0x";
				CLANG_CXX_LIBRARY = "libc++";
				CLANG_ENABLE_MODULES = YES;
				CLANG_ENABLE_OBJC_ARC = YES;
				CLANG_WARN_BOOL_CONVERSION = YES;
				CLANG_WARN_CONSTANT_CONVERSION = YES;
				CLANG_WARN_DIRECT_OBJC_ISA_USAGE = YES_ERROR;
				CLANG_WARN_EMPTY_BODY = YES;
				CLANG_WARN_ENUM_CONVERSION = YES;
				CLANG_WARN_INT_CONVERSION = YES;
				CLANG_WARN_OBJC_ROOT_CLASS = YES_ERROR;
				CLANG_WARN_UNREACHABLE_CODE = YES;
				CLANG_WARN__DUPLICATE_METHOD_MATCH = YES;
				"CODE_SIGN_IDENTITY[sdk=iphoneos*]" = "iPhone Developer";
				COPY_PHASE_STRIP = NO;
				DEBUG_INFORMATION_FORMAT = "dwarf-with-dsym";
				ENABLE_NS_ASSERTIONS = NO;
				ENABLE_STRICT_OBJC_MSGSEND = YES;
				GCC_C_LANGUAGE_STANDARD = gnu99;
				GCC_NO_COMMON_BLOCKS = YES;
				GCC_WARN_64_TO_32_BIT_CONVERSION = YES;
				GCC_WARN_ABOUT_RETURN_TYPE = YES_ERROR;
				GCC_WARN_UNDECLARED_SELECTOR = YES;
				GCC_WARN_UNINITIALIZED_AUTOS = YES_AGGRESSIVE;
				GCC_WARN_UNUSED_FUNCTION = YES;
				GCC_WARN_UNUSED_VARIABLE = YES;
				IPHONEOS_DEPLOYMENT_TARGET = 9.3;
				MTL_ENABLE_DEBUG_INFO = NO;
				SDKROOT = iphoneos;
				TARGETED_DEVICE_FAMILY = "1,2";
				VALIDATE_PRODUCT = YES;
			};
			name = Release;
		};
		157BF0411CEE3E21001D3810 /* Debug */ = {
			isa = XCBuildConfiguration;
			buildSettings = {
				ASSETCATALOG_COMPILER_APPICON_NAME = AppIcon;
				INFOPLIST_FILE = "Swift Quiz App/Info.plist";
				LD_RUNPATH_SEARCH_PATHS = "$(inherited) @executable_path/Frameworks";
				PRODUCT_BUNDLE_IDENTIFIER = "net.greenrivertech.alexb.Swift-Quiz-App";
				PRODUCT_NAME = "$(TARGET_NAME)";
			};
			name = Debug;
		};
		157BF0421CEE3E21001D3810 /* Release */ = {
			isa = XCBuildConfiguration;
			buildSettings = {
				ASSETCATALOG_COMPILER_APPICON_NAME = AppIcon;
				INFOPLIST_FILE = "Swift Quiz App/Info.plist";
				LD_RUNPATH_SEARCH_PATHS = "$(inherited) @executable_path/Frameworks";
				PRODUCT_BUNDLE_IDENTIFIER = "net.greenrivertech.alexb.Swift-Quiz-App";
				PRODUCT_NAME = "$(TARGET_NAME)";
			};
			name = Release;
		};
/* End XCBuildConfiguration section */

/* Begin XCConfigurationList section */
		157BF0291CEE3E21001D3810 /* Build configuration list for PBXProject "Swift Quiz App" */ = {
			isa = XCConfigurationList;
			buildConfigurations = (
				157BF03E1CEE3E21001D3810 /* Debug */,
				157BF03F1CEE3E21001D3810 /* Release */,
			);
			defaultConfigurationIsVisible = 0;
			defaultConfigurationName = Release;
		};
		157BF0401CEE3E21001D3810 /* Build configuration list for PBXNativeTarget "Swift Quiz App" */ = {
			isa = XCConfigurationList;
			buildConfigurations = (
				157BF0411CEE3E21001D3810 /* Debug */,
				157BF0421CEE3E21001D3810 /* Release */,
			);
			defaultConfigurationIsVisible = 0;
			defaultConfigurationName = Release;
		};
/* End XCConfigurationList section */
	};
	rootObject = 157BF0261CEE3E21001D3810 /* Project object */;
}
